<Solution>
  <Folder Name="/build/">
    <File Path="build/MewUI.Common.props" />
    <File Path="build/MewUI.Local.props" />
    <File Path="meta/MewUI.Meta.props" />
  </Folder>
  <Folder Name="/samples/">
    <Project Path="samples/MewUI.Sample/MewUI.Sample.csproj" />
    <Project Path="samples/MewUI.Skia.Sample/MewUI.Skia.Sample.csproj" />
    <Project Path="samples/MewUI.Video.Sample/MewUI.Video.Sample.csproj" />
    <Project Path="samples/MewUI.Gallery/MewUI.Gallery.csproj" />
    <Project Path="samples/MewUI.LegendsConfig/MewUI.LegendsConfig.csproj" />
    <Project Path="samples/MewUI.Win32.WebView2.Sample/MewUI.Win32.WebView2.Sample.csproj" />
  </Folder>
  <Folder Name="/samples/FBA/">
    <File Path="samples/FBASample/fba_calculator.cs" />
    <File Path="samples/FBASample/fba_gallery.cs" />
    <File Path="samples/FBASample/fba_sample.cs" />
  </Folder>
  <Folder Name="/src/">
    <Project Path="src/MewUI.Skia.Interop.Direct2D/MewUI.Skia.Interop.Direct2D.csproj" />
    <Project Path="src/MewUI.Skia.Interop.Gdi/MewUI.Skia.Interop.Gdi.csproj" />
    <Project Path="src/MewUI.Skia.Interop.MewVG.MacOS/MewUI.Skia.Interop.MewVG.MacOS.csproj" />
    <Project Path="src/MewUI.Skia.Interop.MewVG.Win32/MewUI.Skia.Interop.MewVG.Win32.csproj" />
    <Project Path="src/MewUI.Skia.Interop.MewVG.X11/MewUI.Skia.Interop.MewVG.X11.csproj" />
    <Project Path="src/MewUI.Skia/MewUI.Skia.csproj" />
    <Project Path="src/MewUI.Backend.Direct2D/MewUI.Backend.Direct2D.csproj" />
    <Project Path="src/MewUI.Backend.Gdi/MewUI.Backend.Gdi.csproj" />
    <Project Path="src/MewUI.Backend.MewVG.MacOS/MewUI.Backend.MewVG.MacOS.csproj" />
    <Project Path="src/MewUI.Backend.MewVG.Win32/MewUI.Backend.MewVG.Win32.csproj" />
    <Project Path="src/MewUI.Backend.MewVG.X11/MewUI.Backend.MewVG.X11.csproj" />
    <Project Path="src/MewUI.Platform.MacOS/MewUI.Platform.MacOS.csproj" />
    <Project Path="src/MewUI.Platform.Win32/MewUI.Platform.Win32.csproj" />
    <Project Path="src/MewUI.Platform.X11/MewUI.Platform.X11.csproj" />
    <Project Path="src/MewUI.Win32.WebView2/MewUI.Win32.WebView2.csproj" />
    <Project Path="src/MewUI/MewUI.csproj" />
  </Folder>
  <Folder Name="/meta/">
    <Project Path="meta/MewUI.All/MewUI.All.csproj" />
    <Project Path="meta/MewUI.Linux/MewUI.Linux.csproj" />
    <Project Path="meta/MewUI.MacOS/MewUI.MacOS.csproj" />
    <Project Path="meta/MewUI.Windows/MewUI.Windows.csproj" />
  </Folder>
  <Folder Name="/tests/">
    <Project Path="tests/MewUI.Test/MewUI.Test.csproj" />
    <Project Path="tests/MewUI.GraphicsBackendTest/MewUI.GraphicsBackendTest.csproj" />
  </Folder>
</Solution>
